
Microsoft Visual Studio Solution File, Format Version 12.00
# Visual Studio Version 16
VisualStudioVersion = 16.0.30523.141
MinimumVisualStudioVersion = 10.0.40219.1
Project("{FAE04EC0-301F-11D3-BF4B-00C04F79EFBC}") = "APINetCore", "APINetCore\APINetCore.csproj", "{218174FB-1EEF-4DBE-A543-4F21CC6D7DE5}"
EndProject
Global
	GlobalSection(SolutionConfigurationPlatforms) = preSolution
		Debug|Any CPU = Debug|Any CPU
		Release|Any CPU = Release|Any CPU
	EndGlobalSection
	GlobalSection(ProjectConfigurationPlatforms) = postSolution
		{218174FB-1EEF-4DBE-A543-4F21CC6D7DE5}.Debug|Any CPU.ActiveCfg = Debug|Any CPU
		{218174FB-1EEF-4DBE-A543-4F21CC6D7DE5}.Debug|Any CPU.Build.0 = Debug|Any CPU
		{218174FB-1EEF-4DBE-A543-4F21CC6D7DE5}.Release|Any CPU.ActiveCfg = Release|Any CPU
		{218174FB-1EEF-4DBE-A543-4F21CC6D7DE5}.Release|Any CPU.Build.0 = Release|Any CPU
	EndGlobalSection
	GlobalSection(SolutionProperties) = preSolution
		HideSolutionNode = FALSE
	EndGlobalSection
	GlobalSection(ExtensibilityGlobals) = postSolution
		SolutionGuid = {0DCD24C2-4DD1-4D5E-9274-2149B101178F}
	EndGlobalSection
EndGlobal
